
Microsoft Visual Studio Solution File, Format Version 12.00
Project("{FAE04EC0-301F-11D3-BF4B-00C04F79EFBC}") = "SelectPictures", "SelectPictures\SelectPictures.csproj", "{FEC5E823-50BD-4554-8C23-F11DD5652342}"
EndProject
Global
	GlobalSection(SolutionConfigurationPlatforms) = preSolution
		Debug|Any CPU = Debug|Any CPU
		Release|Any CPU = Release|Any CPU
	EndGlobalSection
	GlobalSection(ProjectConfigurationPlatforms) = postSolution
		{FEC5E823-50BD-4554-8C23-F11DD5652342}.Debug|Any CPU.ActiveCfg = Debug|Any CPU
		{FEC5E823-50BD-4554-8C23-F11DD5652342}.Debug|Any CPU.Build.0 = Debug|Any CPU
		{FEC5E823-50BD-4554-8C23-F11DD5652342}.Release|Any CPU.ActiveCfg = Release|Any CPU
		{FEC5E823-50BD-4554-8C23-F11DD5652342}.Release|Any CPU.Build.0 = Release|Any CPU
	EndGlobalSection
EndGlobal
